{
  "name": "exec",
  "version": "1.0.0",
  "lockfileVersion": 2,
  "requires": true,
  "packages": {
    "": {
      "name": "exec",
      "version": "1.0.0",
      "license": "ISC",
      "dependencies": {
        "d3-random": "^3.0.1",
        "make-random": "^3.0.0",
        "prompt-sync": "^4.1.6",
        "random-int": "^3.0.0",
        "random-number": "^0.0.9"
      }
    },
    "node_modules/d3-random": {
      "version": "3.0.1",
      "resolved": "https://registry.npmjs.org/d3-random/-/d3-random-3.0.1.tgz",
      "integrity": "sha512-FXMe9GfxTxqd5D6jFsQ+DJ8BJS4E/fT5mqqdjovykEB2oFbTMDVdg1MGFxfQW+FBOGoB++k8swBrgwSHT1cUXQ==",
      "engines": {
        "node": ">=12"
      }
    },
    "node_modules/make-random": {
      "version": "3.0.0",
      "resolved": "https://registry.npmjs.org/make-random/-/make-random-3.0.0.tgz",
      "integrity": "sha512-D92bi8X+qCTRDvBR9oKIszHwik963CTTSk1m32fuS22KPzJfGmEpQQVgrC/LI2MRbINoJVoPV6q3HyGIgyoDZw=="
    },
    "node_modules/prompt-sync": {
      "version": "4.1.6",
      "resolved": "https://registry.npmjs.org/prompt-sync/-/prompt-sync-4.1.6.tgz",
      "integrity": "sha512-dYjDha0af2vefm6soqnPnFEz2tAzwH/kb+pPoaCohRoPUxFXj+mymkOFgxX7Ylv59TdEr7OzktEizdK7MIMvIw=="
    },
    "node_modules/random-int": {
      "version": "3.0.0",
      "resolved": "https://registry.npmjs.org/random-int/-/random-int-3.0.0.tgz",
      "integrity": "sha512-QvewnOwigesW2WFyTHiQzR6XUUcSQO/BqmfgRz5N5GpGrKQnTf7ebMz8UtuwaET8IfO1n0wLx8/fHsI8E0Jpow==",
      "engines": {
        "node": ">=12"
      },
      "funding": {
        "url": "https://github.com/sponsors/sindresorhus"
      }
    },
    "node_modules/random-number": {
      "version": "0.0.9",
      "resolved": "https://registry.npmjs.org/random-number/-/random-number-0.0.9.tgz",
      "integrity": "sha512-ipG3kRCREi/YQpi2A5QGcvDz1KemohovWmH6qGfboVyyGdR2t/7zQz0vFxrfxpbHQgPPdtVlUDaks3aikD1Ljw=="
    }
  },
  "dependencies": {
    "d3-random": {
      "version": "3.0.1",
      "resolved": "https://registry.npmjs.org/d3-random/-/d3-random-3.0.1.tgz",
      "integrity": "sha512-FXMe9GfxTxqd5D6jFsQ+DJ8BJS4E/fT5mqqdjovykEB2oFbTMDVdg1MGFxfQW+FBOGoB++k8swBrgwSHT1cUXQ=="
    },
    "make-random": {
      "version": "3.0.0",
      "resolved": "https://registry.npmjs.org/make-random/-/make-random-3.0.0.tgz",
      "integrity": "sha512-D92bi8X+qCTRDvBR9oKIszHwik963CTTSk1m32fuS22KPzJfGmEpQQVgrC/LI2MRbINoJVoPV6q3HyGIgyoDZw=="
    },
    "prompt-sync": {
      "version": "4.1.6",
      "resolved": "https://registry.npmjs.org/prompt-sync/-/prompt-sync-4.1.6.tgz",
      "integrity": "sha512-dYjDha0af2vefm6soqnPnFEz2tAzwH/kb+pPoaCohRoPUxFXj+mymkOFgxX7Ylv59TdEr7OzktEizdK7MIMvIw=="
    },
    "random-int": {
      "version": "3.0.0",
      "resolved": "https://registry.npmjs.org/random-int/-/random-int-3.0.0.tgz",
      "integrity": "sha512-QvewnOwigesW2WFyTHiQzR6XUUcSQO/BqmfgRz5N5GpGrKQnTf7ebMz8UtuwaET8IfO1n0wLx8/fHsI8E0Jpow=="
    },
    "random-number": {
      "version": "0.0.9",
      "resolved": "https://registry.npmjs.org/random-number/-/random-number-0.0.9.tgz",
      "integrity": "sha512-ipG3kRCREi/YQpi2A5QGcvDz1KemohovWmH6qGfboVyyGdR2t/7zQz0vFxrfxpbHQgPPdtVlUDaks3aikD1Ljw=="
    }
  }
}
